
Microsoft Visual Studio Solution File, Format Version 12.00
# Visual Studio 2013
VisualStudioVersion = 12.0.31101.0
MinimumVisualStudioVersion = 10.0.40219.1
Project("{FAE04EC0-301F-11D3-BF4B-00C04F79EFBC}") = "Amica.vNext.Data", "Amica.vNext.Data.csproj", "{14DB434E-C093-4D29-8FC4-8B83DE9CEE44}"
EndProject
Project("{FAE04EC0-301F-11D3-BF4B-00C04F79EFBC}") = "Amica.vNext.Data.SQLite", "Amica.vNext.Data.SQLite\Amica.vNext.Data.SQLite.csproj", "{2E1A66F4-6C82-437B-8A9C-391E441D9FFE}"
EndProject
Project("{FAE04EC0-301F-11D3-BF4B-00C04F79EFBC}") = "Amica.vNext.Models", "..\Amica.vNext.Models\Amica.vNext.Models\Amica.vNext.Models.csproj", "{5489E3A4-1031-4568-8B63-A28C64BF7778}"
EndProject
Global
	GlobalSection(SolutionConfigurationPlatforms) = preSolution
		Debug|Any CPU = Debug|Any CPU
		Release|Any CPU = Release|Any CPU
	EndGlobalSection
	GlobalSection(ProjectConfigurationPlatforms) = postSolution
		{14DB434E-C093-4D29-8FC4-8B83DE9CEE44}.Debug|Any CPU.ActiveCfg = Debug|Any CPU
		{14DB434E-C093-4D29-8FC4-8B83DE9CEE44}.Debug|Any CPU.Build.0 = Debug|Any CPU
		{14DB434E-C093-4D29-8FC4-8B83DE9CEE44}.Release|Any CPU.ActiveCfg = Release|Any CPU
		{14DB434E-C093-4D29-8FC4-8B83DE9CEE44}.Release|Any CPU.Build.0 = Release|Any CPU
		{2E1A66F4-6C82-437B-8A9C-391E441D9FFE}.Debug|Any CPU.ActiveCfg = Debug|Any CPU
		{2E1A66F4-6C82-437B-8A9C-391E441D9FFE}.Debug|Any CPU.Build.0 = Debug|Any CPU
		{2E1A66F4-6C82-437B-8A9C-391E441D9FFE}.Release|Any CPU.ActiveCfg = Release|Any CPU
		{2E1A66F4-6C82-437B-8A9C-391E441D9FFE}.Release|Any CPU.Build.0 = Release|Any CPU
		{5489E3A4-1031-4568-8B63-A28C64BF7778}.Debug|Any CPU.ActiveCfg = Debug|Any CPU
		{5489E3A4-1031-4568-8B63-A28C64BF7778}.Debug|Any CPU.Build.0 = Debug|Any CPU
		{5489E3A4-1031-4568-8B63-A28C64BF7778}.Release|Any CPU.ActiveCfg = Release|Any CPU
		{5489E3A4-1031-4568-8B63-A28C64BF7778}.Release|Any CPU.Build.0 = Release|Any CPU
	EndGlobalSection
	GlobalSection(SolutionProperties) = preSolution
		HideSolutionNode = FALSE
	EndGlobalSection
EndGlobal
